
Microsoft Visual Studio Solution File, Format Version 12.00
# Visual Studio 15
VisualStudioVersion = 15.0.28010.2050
MinimumVisualStudioVersion = 10.0.40219.1
Project("{9A19103F-16F7-4668-BE54-9A1E7A4F7556}") = "KallesBank", "KallesBank\KallesBank.csproj", "{FBC22187-CE13-4168-8CAA-EF7D39BBFABA}"
EndProject
Project("{9A19103F-16F7-4668-BE54-9A1E7A4F7556}") = "BankRepo.Tests", "BankRepo.Tests\BankRepo.Tests.csproj", "{3CCCFDD4-1FF0-4C33-946C-28AB54139861}"
EndProject
Project("{9A19103F-16F7-4668-BE54-9A1E7A4F7556}") = "BankRepo", "BankRepo\BankRepo.csproj", "{D3A0881A-4875-4818-BBD0-4F7054FEF93E}"
EndProject
Project("{2150E333-8FDC-42A3-9474-1A3956D46DE8}") = "Solution Items", "Solution Items", "{80FD533C-93DC-449E-BCBF-5F7A0FDBD646}"
	ProjectSection(SolutionItems) = preProject
		.gitattributes = .gitattributes
		.gitignore = .gitignore
		README.md = README.md
	EndProjectSection
EndProject
Global
	GlobalSection(SolutionConfigurationPlatforms) = preSolution
		Debug|Any CPU = Debug|Any CPU
		Release|Any CPU = Release|Any CPU
	EndGlobalSection
	GlobalSection(ProjectConfigurationPlatforms) = postSolution
		{FBC22187-CE13-4168-8CAA-EF7D39BBFABA}.Debug|Any CPU.ActiveCfg = Debug|Any CPU
		{FBC22187-CE13-4168-8CAA-EF7D39BBFABA}.Debug|Any CPU.Build.0 = Debug|Any CPU
		{FBC22187-CE13-4168-8CAA-EF7D39BBFABA}.Release|Any CPU.ActiveCfg = Release|Any CPU
		{FBC22187-CE13-4168-8CAA-EF7D39BBFABA}.Release|Any CPU.Build.0 = Release|Any CPU
		{3CCCFDD4-1FF0-4C33-946C-28AB54139861}.Debug|Any CPU.ActiveCfg = Debug|Any CPU
		{3CCCFDD4-1FF0-4C33-946C-28AB54139861}.Debug|Any CPU.Build.0 = Debug|Any CPU
		{3CCCFDD4-1FF0-4C33-946C-28AB54139861}.Release|Any CPU.ActiveCfg = Release|Any CPU
		{3CCCFDD4-1FF0-4C33-946C-28AB54139861}.Release|Any CPU.Build.0 = Release|Any CPU
		{D3A0881A-4875-4818-BBD0-4F7054FEF93E}.Debug|Any CPU.ActiveCfg = Debug|Any CPU
		{D3A0881A-4875-4818-BBD0-4F7054FEF93E}.Debug|Any CPU.Build.0 = Debug|Any CPU
		{D3A0881A-4875-4818-BBD0-4F7054FEF93E}.Release|Any CPU.ActiveCfg = Release|Any CPU
		{D3A0881A-4875-4818-BBD0-4F7054FEF93E}.Release|Any CPU.Build.0 = Release|Any CPU
	EndGlobalSection
	GlobalSection(SolutionProperties) = preSolution
		HideSolutionNode = FALSE
	EndGlobalSection
	GlobalSection(ExtensibilityGlobals) = postSolution
		SolutionGuid = {B945BE3F-14CA-403B-914A-77044137FE19}
	EndGlobalSection
EndGlobal
